
Microsoft Visual Studio Solution File, Format Version 12.00
# Visual Studio Version 16
VisualStudioVersion = 16.0.29806.167
MinimumVisualStudioVersion = 10.0.40219.1
Project("{9A19103F-16F7-4668-BE54-9A1E7A4F7556}") = "Quran.Api", "Quran.Api\Quran.Api.csproj", "{8A34E276-3652-4387-9D44-D7C31C57FC60}"
EndProject
Project("{9A19103F-16F7-4668-BE54-9A1E7A4F7556}") = "Quran.Data", "Quran.Data\Quran.Data.csproj", "{61E25890-E195-44B7-AF41-D8842340BB67}"
EndProject
Project("{9A19103F-16F7-4668-BE54-9A1E7A4F7556}") = "Quran.Core", "Quran.Core\Quran.Core.csproj", "{CEEB3ECB-DB6F-4915-A984-F4F240C9B25B}"
EndProject
Project("{2150E333-8FDC-42A3-9474-1A3956D46DE8}") = "About", "About", "{96FC806A-606D-4A3F-A923-1A8A2240877C}"
	ProjectSection(SolutionItems) = preProject
		..\Screenshot.png = ..\Screenshot.png
	EndProjectSection
EndProject
Global
	GlobalSection(SolutionConfigurationPlatforms) = preSolution
		Debug|Any CPU = Debug|Any CPU
		Release|Any CPU = Release|Any CPU
	EndGlobalSection
	GlobalSection(ProjectConfigurationPlatforms) = postSolution
		{8A34E276-3652-4387-9D44-D7C31C57FC60}.Debug|Any CPU.ActiveCfg = Debug|Any CPU
		{8A34E276-3652-4387-9D44-D7C31C57FC60}.Debug|Any CPU.Build.0 = Debug|Any CPU
		{8A34E276-3652-4387-9D44-D7C31C57FC60}.Release|Any CPU.ActiveCfg = Release|Any CPU
		{8A34E276-3652-4387-9D44-D7C31C57FC60}.Release|Any CPU.Build.0 = Release|Any CPU
		{61E25890-E195-44B7-AF41-D8842340BB67}.Debug|Any CPU.ActiveCfg = Debug|Any CPU
		{61E25890-E195-44B7-AF41-D8842340BB67}.Debug|Any CPU.Build.0 = Debug|Any CPU
		{61E25890-E195-44B7-AF41-D8842340BB67}.Release|Any CPU.ActiveCfg = Release|Any CPU
		{61E25890-E195-44B7-AF41-D8842340BB67}.Release|Any CPU.Build.0 = Release|Any CPU
		{CEEB3ECB-DB6F-4915-A984-F4F240C9B25B}.Debug|Any CPU.ActiveCfg = Debug|Any CPU
		{CEEB3ECB-DB6F-4915-A984-F4F240C9B25B}.Debug|Any CPU.Build.0 = Debug|Any CPU
		{CEEB3ECB-DB6F-4915-A984-F4F240C9B25B}.Release|Any CPU.ActiveCfg = Release|Any CPU
		{CEEB3ECB-DB6F-4915-A984-F4F240C9B25B}.Release|Any CPU.Build.0 = Release|Any CPU
	EndGlobalSection
	GlobalSection(SolutionProperties) = preSolution
		HideSolutionNode = FALSE
	EndGlobalSection
	GlobalSection(ExtensibilityGlobals) = postSolution
		SolutionGuid = {39CDE116-1029-4FCA-8438-F9565D24BE18}
	EndGlobalSection
EndGlobal
